
Microsoft Visual Studio Solution File, Format Version 12.00
# Visual Studio Version 16
VisualStudioVersion = 16.0.29501.166
MinimumVisualStudioVersion = 10.0.40219.1
Project("{FAE04EC0-301F-11D3-BF4B-00C04F79EFBC}") = "TaskDialogStudy", "TaskDialogStudy\TaskDialogStudy.csproj", "{2D0007E7-7FB4-4040-A873-832E8094F440}"
EndProject
Global
	GlobalSection(SolutionConfigurationPlatforms) = preSolution
		Debug|Any CPU = Debug|Any CPU
		Release|Any CPU = Release|Any CPU
	EndGlobalSection
	GlobalSection(ProjectConfigurationPlatforms) = postSolution
		{2D0007E7-7FB4-4040-A873-832E8094F440}.Debug|Any CPU.ActiveCfg = Debug|Any CPU
		{2D0007E7-7FB4-4040-A873-832E8094F440}.Debug|Any CPU.Build.0 = Debug|Any CPU
		{2D0007E7-7FB4-4040-A873-832E8094F440}.Release|Any CPU.ActiveCfg = Release|Any CPU
		{2D0007E7-7FB4-4040-A873-832E8094F440}.Release|Any CPU.Build.0 = Release|Any CPU
	EndGlobalSection
	GlobalSection(SolutionProperties) = preSolution
		HideSolutionNode = FALSE
	EndGlobalSection
	GlobalSection(ExtensibilityGlobals) = postSolution
		SolutionGuid = {AB6A8769-4518-4AE5-967C-7589DBC1120D}
	EndGlobalSection
EndGlobal
